
Microsoft Visual Studio Solution File, Format Version 12.00
# Visual Studio 2013
VisualStudioVersion = 12.0.21005.1
MinimumVisualStudioVersion = 10.0.40219.1
Project("{FAE04EC0-301F-11D3-BF4B-00C04F79EFBC}") = "ModGL", "ModGL\ModGL.csproj", "{1CFDC9EE-42E8-45FD-B5EA-478F67C72447}"
EndProject
Project("{FAE04EC0-301F-11D3-BF4B-00C04F79EFBC}") = "ModGL.UnitTests", "ModGL.UnitTests\ModGL.UnitTests.csproj", "{46B36B35-53DE-4651-8EFA-529F59153127}"
EndProject
Project("{2150E333-8FDC-42A3-9474-1A3956D46DE8}") = "Solution Items", "Solution Items", "{5657A69C-08C0-4DC9-9EE0-54BD31ECECDB}"
	ProjectSection(SolutionItems) = preProject
		README.md = README.md
	EndProjectSection
EndProject
Project("{2150E333-8FDC-42A3-9474-1A3956D46DE8}") = "Tools", "Tools", "{125808DE-F95B-41EA-B7DC-0CED6668AB4B}"
EndProject
Project("{FAE04EC0-301F-11D3-BF4B-00C04F79EFBC}") = "SpecBuilder", "SpecBuilder\SpecBuilder.csproj", "{085A1FDD-7708-4EAD-9317-76DA11F7A775}"
EndProject
Project("{FAE04EC0-301F-11D3-BF4B-00C04F79EFBC}") = "ModGL.Shaders.Linq", "ModGL.Shaders.Linq\ModGL.Shaders.Linq.csproj", "{9C308E0E-90E2-44FA-8F54-A5276B67BE43}"
EndProject
Project("{FAE04EC0-301F-11D3-BF4B-00C04F79EFBC}") = "ModGL.Shaders.Linq.UnitTests", "ModGL.Shaders.Linq.UnitTests\ModGL.Shaders.Linq.UnitTests.csproj", "{F9D51D99-B69D-4EFF-B522-DCBC6B9CFB9A}"
EndProject
Project("{FAE04EC0-301F-11D3-BF4B-00C04F79EFBC}") = "ModGL.ObjectModel", "ModGL.ObjectModel\ModGL.ObjectModel.csproj", "{16679673-170A-4788-93C5-37C3DF2E330B}"
EndProject
Project("{FAE04EC0-301F-11D3-BF4B-00C04F79EFBC}") = "ModGL.ObjectModel.UnitTests", "ModGL.ObjectModel.UnitTests\ModGL.ObjectModel.UnitTests.csproj", "{4DC39B92-66D3-4A9B-BE31-11F1AF5771D6}"
EndProject
Project("{2150E333-8FDC-42A3-9474-1A3956D46DE8}") = "Samples", "Samples", "{42414904-7A64-4C90-84E6-F98413E38EA6}"
EndProject
Project("{FAE04EC0-301F-11D3-BF4B-00C04F79EFBC}") = "Cube", "Samples\Cube\Cube.csproj", "{A126F6B7-10BF-4ECF-ABE1-945FDF4B79BC}"
EndProject
Project("{FAE04EC0-301F-11D3-BF4B-00C04F79EFBC}") = "SampleBase", "Samples\SampleBase\SampleBase.csproj", "{3CFD311A-7172-43A9-8974-8037CC8633E3}"
EndProject
Project("{FAE04EC0-301F-11D3-BF4B-00C04F79EFBC}") = "TexturedTerrain", "Samples\TexturedTerrain\TexturedTerrain.csproj", "{35F106D1-24DF-4237-A148-9A9C41A20FBD}"
EndProject
Global
	GlobalSection(SolutionConfigurationPlatforms) = preSolution
		Debug|Any CPU = Debug|Any CPU
		Release|Any CPU = Release|Any CPU
	EndGlobalSection
	GlobalSection(ProjectConfigurationPlatforms) = postSolution
		{1CFDC9EE-42E8-45FD-B5EA-478F67C72447}.Debug|Any CPU.ActiveCfg = Debug|Any CPU
		{1CFDC9EE-42E8-45FD-B5EA-478F67C72447}.Debug|Any CPU.Build.0 = Debug|Any CPU
		{1CFDC9EE-42E8-45FD-B5EA-478F67C72447}.Release|Any CPU.ActiveCfg = Release|Any CPU
		{1CFDC9EE-42E8-45FD-B5EA-478F67C72447}.Release|Any CPU.Build.0 = Release|Any CPU
		{46B36B35-53DE-4651-8EFA-529F59153127}.Debug|Any CPU.ActiveCfg = Debug|Any CPU
		{46B36B35-53DE-4651-8EFA-529F59153127}.Debug|Any CPU.Build.0 = Debug|Any CPU
		{46B36B35-53DE-4651-8EFA-529F59153127}.Release|Any CPU.ActiveCfg = Release|Any CPU
		{46B36B35-53DE-4651-8EFA-529F59153127}.Release|Any CPU.Build.0 = Release|Any CPU
		{085A1FDD-7708-4EAD-9317-76DA11F7A775}.Debug|Any CPU.ActiveCfg = Debug|Any CPU
		{085A1FDD-7708-4EAD-9317-76DA11F7A775}.Debug|Any CPU.Build.0 = Debug|Any CPU
		{085A1FDD-7708-4EAD-9317-76DA11F7A775}.Release|Any CPU.ActiveCfg = Release|Any CPU
		{085A1FDD-7708-4EAD-9317-76DA11F7A775}.Release|Any CPU.Build.0 = Release|Any CPU
		{9C308E0E-90E2-44FA-8F54-A5276B67BE43}.Debug|Any CPU.ActiveCfg = Debug|Any CPU
		{9C308E0E-90E2-44FA-8F54-A5276B67BE43}.Debug|Any CPU.Build.0 = Debug|Any CPU
		{9C308E0E-90E2-44FA-8F54-A5276B67BE43}.Release|Any CPU.ActiveCfg = Release|Any CPU
		{9C308E0E-90E2-44FA-8F54-A5276B67BE43}.Release|Any CPU.Build.0 = Release|Any CPU
		{F9D51D99-B69D-4EFF-B522-DCBC6B9CFB9A}.Debug|Any CPU.ActiveCfg = Debug|Any CPU
		{F9D51D99-B69D-4EFF-B522-DCBC6B9CFB9A}.Debug|Any CPU.Build.0 = Debug|Any CPU
		{F9D51D99-B69D-4EFF-B522-DCBC6B9CFB9A}.Release|Any CPU.ActiveCfg = Release|Any CPU
		{F9D51D99-B69D-4EFF-B522-DCBC6B9CFB9A}.Release|Any CPU.Build.0 = Release|Any CPU
		{16679673-170A-4788-93C5-37C3DF2E330B}.Debug|Any CPU.ActiveCfg = Debug|Any CPU
		{16679673-170A-4788-93C5-37C3DF2E330B}.Debug|Any CPU.Build.0 = Debug|Any CPU
		{16679673-170A-4788-93C5-37C3DF2E330B}.Release|Any CPU.ActiveCfg = Release|Any CPU
		{16679673-170A-4788-93C5-37C3DF2E330B}.Release|Any CPU.Build.0 = Release|Any CPU
		{4DC39B92-66D3-4A9B-BE31-11F1AF5771D6}.Debug|Any CPU.ActiveCfg = Debug|Any CPU
		{4DC39B92-66D3-4A9B-BE31-11F1AF5771D6}.Debug|Any CPU.Build.0 = Debug|Any CPU
		{4DC39B92-66D3-4A9B-BE31-11F1AF5771D6}.Release|Any CPU.ActiveCfg = Release|Any CPU
		{4DC39B92-66D3-4A9B-BE31-11F1AF5771D6}.Release|Any CPU.Build.0 = Release|Any CPU
		{A126F6B7-10BF-4ECF-ABE1-945FDF4B79BC}.Debug|Any CPU.ActiveCfg = Debug|Any CPU
		{A126F6B7-10BF-4ECF-ABE1-945FDF4B79BC}.Debug|Any CPU.Build.0 = Debug|Any CPU
		{A126F6B7-10BF-4ECF-ABE1-945FDF4B79BC}.Release|Any CPU.ActiveCfg = Release|Any CPU
		{A126F6B7-10BF-4ECF-ABE1-945FDF4B79BC}.Release|Any CPU.Build.0 = Release|Any CPU
		{3CFD311A-7172-43A9-8974-8037CC8633E3}.Debug|Any CPU.ActiveCfg = Debug|Any CPU
		{3CFD311A-7172-43A9-8974-8037CC8633E3}.Debug|Any CPU.Build.0 = Debug|Any CPU
		{3CFD311A-7172-43A9-8974-8037CC8633E3}.Release|Any CPU.ActiveCfg = Release|Any CPU
		{3CFD311A-7172-43A9-8974-8037CC8633E3}.Release|Any CPU.Build.0 = Release|Any CPU
		{35F106D1-24DF-4237-A148-9A9C41A20FBD}.Debug|Any CPU.ActiveCfg = Debug|Any CPU
		{35F106D1-24DF-4237-A148-9A9C41A20FBD}.Debug|Any CPU.Build.0 = Debug|Any CPU
		{35F106D1-24DF-4237-A148-9A9C41A20FBD}.Release|Any CPU.ActiveCfg = Release|Any CPU
		{35F106D1-24DF-4237-A148-9A9C41A20FBD}.Release|Any CPU.Build.0 = Release|Any CPU
	EndGlobalSection
	GlobalSection(SolutionProperties) = preSolution
		HideSolutionNode = FALSE
	EndGlobalSection
	GlobalSection(NestedProjects) = preSolution
		{085A1FDD-7708-4EAD-9317-76DA11F7A775} = {125808DE-F95B-41EA-B7DC-0CED6668AB4B}
		{A126F6B7-10BF-4ECF-ABE1-945FDF4B79BC} = {42414904-7A64-4C90-84E6-F98413E38EA6}
		{3CFD311A-7172-43A9-8974-8037CC8633E3} = {42414904-7A64-4C90-84E6-F98413E38EA6}
		{35F106D1-24DF-4237-A148-9A9C41A20FBD} = {42414904-7A64-4C90-84E6-F98413E38EA6}
	EndGlobalSection
EndGlobal
