
Microsoft Visual Studio Solution File, Format Version 12.00
# Visual Studio 2013
VisualStudioVersion = 12.0.21005.1
MinimumVisualStudioVersion = 10.0.40219.1
Project("{FAE04EC0-301F-11D3-BF4B-00C04F79EFBC}") = "ModGL", "ModGL\ModGL.csproj", "{1CFDC9EE-42E8-45FD-B5EA-478F67C72447}"
EndProject
Project("{FAE04EC0-301F-11D3-BF4B-00C04F79EFBC}") = "ModGL.UnitTests", "ModGL.UnitTests\ModGL.UnitTests.csproj", "{46B36B35-53DE-4651-8EFA-529F59153127}"
EndProject
Project("{2150E333-8FDC-42A3-9474-1A3956D46DE8}") = "Solution Items", "Solution Items", "{5657A69C-08C0-4DC9-9EE0-54BD31ECECDB}"
	ProjectSection(SolutionItems) = preProject
		README.md = README.md
	EndProjectSection
EndProject
Project("{2150E333-8FDC-42A3-9474-1A3956D46DE8}") = "Tools", "Tools", "{125808DE-F95B-41EA-B7DC-0CED6668AB4B}"
EndProject
Project("{FAE04EC0-301F-11D3-BF4B-00C04F79EFBC}") = "SpecBuilder", "SpecBuilder\SpecBuilder.csproj", "{085A1FDD-7708-4EAD-9317-76DA11F7A775}"
EndProject
Global
	GlobalSection(SolutionConfigurationPlatforms) = preSolution
		Debug|Any CPU = Debug|Any CPU
		Release|Any CPU = Release|Any CPU
	EndGlobalSection
	GlobalSection(ProjectConfigurationPlatforms) = postSolution
		{1CFDC9EE-42E8-45FD-B5EA-478F67C72447}.Debug|Any CPU.ActiveCfg = Debug|Any CPU
		{1CFDC9EE-42E8-45FD-B5EA-478F67C72447}.Debug|Any CPU.Build.0 = Debug|Any CPU
		{1CFDC9EE-42E8-45FD-B5EA-478F67C72447}.Release|Any CPU.ActiveCfg = Release|Any CPU
		{1CFDC9EE-42E8-45FD-B5EA-478F67C72447}.Release|Any CPU.Build.0 = Release|Any CPU
		{46B36B35-53DE-4651-8EFA-529F59153127}.Debug|Any CPU.ActiveCfg = Debug|Any CPU
		{46B36B35-53DE-4651-8EFA-529F59153127}.Debug|Any CPU.Build.0 = Debug|Any CPU
		{46B36B35-53DE-4651-8EFA-529F59153127}.Release|Any CPU.ActiveCfg = Release|Any CPU
		{46B36B35-53DE-4651-8EFA-529F59153127}.Release|Any CPU.Build.0 = Release|Any CPU
		{085A1FDD-7708-4EAD-9317-76DA11F7A775}.Debug|Any CPU.ActiveCfg = Debug|Any CPU
		{085A1FDD-7708-4EAD-9317-76DA11F7A775}.Debug|Any CPU.Build.0 = Debug|Any CPU
		{085A1FDD-7708-4EAD-9317-76DA11F7A775}.Release|Any CPU.ActiveCfg = Release|Any CPU
		{085A1FDD-7708-4EAD-9317-76DA11F7A775}.Release|Any CPU.Build.0 = Release|Any CPU
	EndGlobalSection
	GlobalSection(SolutionProperties) = preSolution
		HideSolutionNode = FALSE
	EndGlobalSection
	GlobalSection(NestedProjects) = preSolution
		{085A1FDD-7708-4EAD-9317-76DA11F7A775} = {125808DE-F95B-41EA-B7DC-0CED6668AB4B}
	EndGlobalSection
EndGlobal
